
Microsoft Visual Studio Solution File, Format Version 12.00
# Visual Studio Version 16
VisualStudioVersion = 16.0.31624.102
MinimumVisualStudioVersion = 10.0.40219.1
Project("{9A19103F-16F7-4668-BE54-9A1E7A4F7556}") = "PdfPageSaver", "PdfPageSaver.csproj", "{DAA7B932-9227-4925-B839-FC1C5AAB9886}"
EndProject
Global
	GlobalSection(SolutionConfigurationPlatforms) = preSolution
		Debug|Any CPU = Debug|Any CPU
		Debug|x86 = Debug|x86
		Release|Any CPU = Release|Any CPU
		Release|x86 = Release|x86
	EndGlobalSection
	GlobalSection(ProjectConfigurationPlatforms) = postSolution
		{DAA7B932-9227-4925-B839-FC1C5AAB9886}.Debug|Any CPU.ActiveCfg = Debug|Any CPU
		{DAA7B932-9227-4925-B839-FC1C5AAB9886}.Debug|Any CPU.Build.0 = Debug|Any CPU
		{DAA7B932-9227-4925-B839-FC1C5AAB9886}.Debug|x86.ActiveCfg = Debug|x86
		{DAA7B932-9227-4925-B839-FC1C5AAB9886}.Debug|x86.Build.0 = Debug|x86
		{DAA7B932-9227-4925-B839-FC1C5AAB9886}.Release|Any CPU.ActiveCfg = Release|Any CPU
		{DAA7B932-9227-4925-B839-FC1C5AAB9886}.Release|Any CPU.Build.0 = Release|Any CPU
		{DAA7B932-9227-4925-B839-FC1C5AAB9886}.Release|x86.ActiveCfg = Release|x86
		{DAA7B932-9227-4925-B839-FC1C5AAB9886}.Release|x86.Build.0 = Release|x86
	EndGlobalSection
	GlobalSection(SolutionProperties) = preSolution
		HideSolutionNode = FALSE
	EndGlobalSection
	GlobalSection(ExtensibilityGlobals) = postSolution
		SolutionGuid = {75351FB4-F32D-447B-B996-6E889DE9F865}
	EndGlobalSection
EndGlobal
